
Microsoft Visual Studio Solution File, Format Version 12.00
# Visual Studio Version 16
VisualStudioVersion = 16.0.32510.428
MinimumVisualStudioVersion = 10.0.40219.1
Project("{FAE04EC0-301F-11D3-BF4B-00C04F79EFBC}") = "GraphRedactor", "GraphRedactor\GraphRedactor.csproj", "{8EE5489B-2124-46BD-BF9A-B6682F3184B8}"
EndProject
Global
	GlobalSection(SolutionConfigurationPlatforms) = preSolution
		Debug|Any CPU = Debug|Any CPU
		Release|Any CPU = Release|Any CPU
	EndGlobalSection
	GlobalSection(ProjectConfigurationPlatforms) = postSolution
		{8EE5489B-2124-46BD-BF9A-B6682F3184B8}.Debug|Any CPU.ActiveCfg = Debug|Any CPU
		{8EE5489B-2124-46BD-BF9A-B6682F3184B8}.Debug|Any CPU.Build.0 = Debug|Any CPU
		{8EE5489B-2124-46BD-BF9A-B6682F3184B8}.Release|Any CPU.ActiveCfg = Release|Any CPU
		{8EE5489B-2124-46BD-BF9A-B6682F3184B8}.Release|Any CPU.Build.0 = Release|Any CPU
	EndGlobalSection
	GlobalSection(SolutionProperties) = preSolution
		HideSolutionNode = FALSE
	EndGlobalSection
	GlobalSection(ExtensibilityGlobals) = postSolution
		SolutionGuid = {92752779-C9FC-479E-AC3F-769408B85729}
	EndGlobalSection
EndGlobal
